// !$*UTF8*$!
{
	archiveVersion = 1;
	classes = {
	};
	objectVersion = 50;
	objects = {

/* Begin PBXBuildFile section */
		3D41150E24EF9B140099FBDF /* AppDelegate.swift in Sources */ = {isa = PBXBuildFile; fileRef = 3D41150D24EF9B140099FBDF /* AppDelegate.swift */; };
		3D41151024EF9B140099FBDF /* SceneDelegate.swift in Sources */ = {isa = PBXBuildFile; fileRef = 3D41150F24EF9B140099FBDF /* SceneDelegate.swift */; };
		3D41151224EF9B140099FBDF /* FolderListViewController.swift in Sources */ = {isa = PBXBuildFile; fileRef = 3D41151124EF9B140099FBDF /* FolderListViewController.swift */; };
		3D41151724EF9B190099FBDF /* Assets.xcassets in Resources */ = {isa = PBXBuildFile; fileRef = 3D41151624EF9B190099FBDF /* Assets.xcassets */; };
		3D41151A24EF9B190099FBDF /* LaunchScreen.storyboard in Resources */ = {isa = PBXBuildFile; fileRef = 3D41151824EF9B190099FBDF /* LaunchScreen.storyboard */; };
		3D41152824EFA1F20099FBDF /* Main.storyboard in Resources */ = {isa = PBXBuildFile; fileRef = 3D41151324EF9B140099FBDF /* Main.storyboard */; };
		3D415AC924EFABCB009E6AB0 /* FolderCell.swift in Sources */ = {isa = PBXBuildFile; fileRef = 3D415AC824EFABCB009E6AB0 /* FolderCell.swift */; };
		3D415ACC24EFADBF009E6AB0 /* FolderListData.swift in Sources */ = {isa = PBXBuildFile; fileRef = 3D415ACB24EFADBF009E6AB0 /* FolderListData.swift */; };
		3D4735C024F2DCAE0033EAE3 /* MemoCell.swift in Sources */ = {isa = PBXBuildFile; fileRef = 3D4735BF24F2DCAE0033EAE3 /* MemoCell.swift */; };
		3D6BEB3D24FE1F1700930D15 /* DetailListViewController.swift in Sources */ = {isa = PBXBuildFile; fileRef = 3D6BEB3C24FE1F1700930D15 /* DetailListViewController.swift */; };
/* End PBXBuildFile section */

/* Begin PBXFileReference section */
		3D41150A24EF9B140099FBDF /* Project 01 - iOS Note App.app */ = {isa = PBXFileReference; explicitFileType = wrapper.application; includeInIndex = 0; path = "Project 01 - iOS Note App.app"; sourceTree = BUILT_PRODUCTS_DIR; };
		3D41150D24EF9B140099FBDF /* AppDelegate.swift */ = {isa = PBXFileReference; lastKnownFileType = sourcecode.swift; path = AppDelegate.swift; sourceTree = "<group>"; };
		3D41150F24EF9B140099FBDF /* SceneDelegate.swift */ = {isa = PBXFileReference; lastKnownFileType = sourcecode.swift; path = SceneDelegate.swift; sourceTree = "<group>"; };
		3D41151124EF9B140099FBDF /* FolderListViewController.swift */ = {isa = PBXFileReference; lastKnownFileType = sourcecode.swift; path = FolderListViewController.swift; sourceTree = "<group>"; };
		3D41151424EF9B140099FBDF /* Base */ = {isa = PBXFileReference; lastKnownFileType = file.storyboard; name = Base; path = Base.lproj/Main.storyboard; sourceTree = "<group>"; };
		3D41151624EF9B190099FBDF /* Assets.xcassets */ = {isa = PBXFileReference; lastKnownFileType = folder.assetcatalog; path = Assets.xcassets; sourceTree = "<group>"; };
		3D41151924EF9B190099FBDF /* Base */ = {isa = PBXFileReference; lastKnownFileType = file.storyboard; name = Base; path = Base.lproj/LaunchScreen.storyboard; sourceTree = "<group>"; };
		3D41151B24EF9B190099FBDF /* Info.plist */ = {isa = PBXFileReference; lastKnownFileType = text.plist.xml; path = Info.plist; sourceTree = "<group>"; };
		3D415AC824EFABCB009E6AB0 /* FolderCell.swift */ = {isa = PBXFileReference; lastKnownFileType = sourcecode.swift; path = FolderCell.swift; sourceTree = "<group>"; };
		3D415ACB24EFADBF009E6AB0 /* FolderListData.swift */ = {isa = PBXFileReference; lastKnownFileType = sourcecode.swift; path = FolderListData.swift; sourceTree = "<group>"; };
		3D4735BF24F2DCAE0033EAE3 /* MemoCell.swift */ = {isa = PBXFileReference; lastKnownFileType = sourcecode.swift; path = MemoCell.swift; sourceTree = "<group>"; };
		3D6BEB3C24FE1F1700930D15 /* DetailListViewController.swift */ = {isa = PBXFileReference; lastKnownFileType = sourcecode.swift; path = DetailListViewController.swift; sourceTree = "<group>"; };
/* End PBXFileReference section */

/* Begin PBXFrameworksBuildPhase section */
		3D41150724EF9B140099FBDF /* Frameworks */ = {
			isa = PBXFrameworksBuildPhase;
			buildActionMask = 2147483647;
			files = (
			);
			runOnlyForDeploymentPostprocessing = 0;
		};
/* End PBXFrameworksBuildPhase section */

/* Begin PBXGroup section */
		3D41150124EF9B140099FBDF = {
			isa = PBXGroup;
			children = (
				3D41150C24EF9B140099FBDF /* Project 01 - iOS Note App */,
				3D41150B24EF9B140099FBDF /* Products */,
			);
			sourceTree = "<group>";
		};
		3D41150B24EF9B140099FBDF /* Products */ = {
			isa = PBXGroup;
			children = (
				3D41150A24EF9B140099FBDF /* Project 01 - iOS Note App.app */,
			);
			name = Products;
			sourceTree = "<group>";
		};
		3D41150C24EF9B140099FBDF /* Project 01 - iOS Note App */ = {
			isa = PBXGroup;
			children = (
				3D41152324EF9B4C0099FBDF /* Supporting File */,
				3D41152224EF9B430099FBDF /* Source */,
				3D41152124EF9B3D0099FBDF /* Resource */,
			);
			path = "Project 01 - iOS Note App";
			sourceTree = "<group>";
		};
		3D41152124EF9B3D0099FBDF /* Resource */ = {
			isa = PBXGroup;
			children = (
				3D41152424EF9B5A0099FBDF /* Storyboard */,
				3D41151624EF9B190099FBDF /* Assets.xcassets */,
			);
			path = Resource;
			sourceTree = "<group>";
		};
		3D41152224EF9B430099FBDF /* Source */ = {
			isa = PBXGroup;
			children = (
				3D415ACA24EFAD63009E6AB0 /* Model */,
				3D415AC724EFABA3009E6AB0 /* Cell */,
				3D41152524EF9B690099FBDF /* ViewController */,
			);
			path = Source;
			sourceTree = "<group>";
		};
		3D41152324EF9B4C0099FBDF /* Supporting File */ = {
			isa = PBXGroup;
			children = (
				3D41150D24EF9B140099FBDF /* AppDelegate.swift */,
				3D41150F24EF9B140099FBDF /* SceneDelegate.swift */,
				3D41151B24EF9B190099FBDF /* Info.plist */,
			);
			path = "Supporting File";
			sourceTree = "<group>";
		};
		3D41152424EF9B5A0099FBDF /* Storyboard */ = {
			isa = PBXGroup;
			children = (
				3D41151324EF9B140099FBDF /* Main.storyboard */,
				3D41151824EF9B190099FBDF /* LaunchScreen.storyboard */,
			);
			path = Storyboard;
			sourceTree = "<group>";
		};
		3D41152524EF9B690099FBDF /* ViewController */ = {
			isa = PBXGroup;
			children = (
				3D41151124EF9B140099FBDF /* FolderListViewController.swift */,
				3D6BEB3C24FE1F1700930D15 /* DetailListViewController.swift */,
			);
			path = ViewController;
			sourceTree = "<group>";
		};
		3D415AC724EFABA3009E6AB0 /* Cell */ = {
			isa = PBXGroup;
			children = (
				3D415AC824EFABCB009E6AB0 /* FolderCell.swift */,
				3D4735BF24F2DCAE0033EAE3 /* MemoCell.swift */,
			);
			path = Cell;
			sourceTree = "<group>";
		};
		3D415ACA24EFAD63009E6AB0 /* Model */ = {
			isa = PBXGroup;
			children = (
				3D415ACB24EFADBF009E6AB0 /* FolderListData.swift */,
			);
			path = Model;
			sourceTree = "<group>";
		};
/* End PBXGroup section */

/* Begin PBXNativeTarget section */
		3D41150924EF9B140099FBDF /* Project 01 - iOS Note App */ = {
			isa = PBXNativeTarget;
			buildConfigurationList = 3D41151E24EF9B190099FBDF /* Build configuration list for PBXNativeTarget "Project 01 - iOS Note App" */;
			buildPhases = (
				3D41150624EF9B140099FBDF /* Sources */,
				3D41150724EF9B140099FBDF /* Frameworks */,
				3D41150824EF9B140099FBDF /* Resources */,
			);
			buildRules = (
			);
			dependencies = (
			);
			name = "Project 01 - iOS Note App";
			productName = "Project 01 - iOS Note App";
			productReference = 3D41150A24EF9B140099FBDF /* Project 01 - iOS Note App.app */;
			productType = "com.apple.product-type.application";
		};
/* End PBXNativeTarget section */

/* Begin PBXProject section */
		3D41150224EF9B140099FBDF /* Project object */ = {
			isa = PBXProject;
			attributes = {
				LastSwiftUpdateCheck = 1160;
				LastUpgradeCheck = 1160;
				ORGANIZATIONNAME = "김민희";
				TargetAttributes = {
					3D41150924EF9B140099FBDF = {
						CreatedOnToolsVersion = 11.6;
					};
				};
			};
			buildConfigurationList = 3D41150524EF9B140099FBDF /* Build configuration list for PBXProject "Project 01 - iOS Note App" */;
			compatibilityVersion = "Xcode 9.3";
			developmentRegion = en;
			hasScannedForEncodings = 0;
			knownRegions = (
				en,
				Base,
			);
			mainGroup = 3D41150124EF9B140099FBDF;
			productRefGroup = 3D41150B24EF9B140099FBDF /* Products */;
			projectDirPath = "";
			projectRoot = "";
			targets = (
				3D41150924EF9B140099FBDF /* Project 01 - iOS Note App */,
			);
		};
/* End PBXProject section */

/* Begin PBXResourcesBuildPhase section */
		3D41150824EF9B140099FBDF /* Resources */ = {
			isa = PBXResourcesBuildPhase;
			buildActionMask = 2147483647;
			files = (
				3D41151A24EF9B190099FBDF /* LaunchScreen.storyboard in Resources */,
				3D41151724EF9B190099FBDF /* Assets.xcassets in Resources */,
				3D41152824EFA1F20099FBDF /* Main.storyboard in Resources */,
			);
			runOnlyForDeploymentPostprocessing = 0;
		};
/* End PBXResourcesBuildPhase section */

/* Begin PBXSourcesBuildPhase section */
		3D41150624EF9B140099FBDF /* Sources */ = {
			isa = PBXSourcesBuildPhase;
			buildActionMask = 2147483647;
			files = (
				3D41151224EF9B140099FBDF /* FolderListViewController.swift in Sources */,
				3D6BEB3D24FE1F1700930D15 /* DetailListViewController.swift in Sources */,
				3D41150E24EF9B140099FBDF /* AppDelegate.swift in Sources */,
				3D41151024EF9B140099FBDF /* SceneDelegate.swift in Sources */,
				3D415ACC24EFADBF009E6AB0 /* FolderListData.swift in Sources */,
				3D415AC924EFABCB009E6AB0 /* FolderCell.swift in Sources */,
				3D4735C024F2DCAE0033EAE3 /* MemoCell.swift in Sources */,
			);
			runOnlyForDeploymentPostprocessing = 0;
		};
/* End PBXSourcesBuildPhase section */

/* Begin PBXVariantGroup section */
		3D41151324EF9B140099FBDF /* Main.storyboard */ = {
			isa = PBXVariantGroup;
			children = (
				3D41151424EF9B140099FBDF /* Base */,
			);
			name = Main.storyboard;
			sourceTree = "<group>";
		};
		3D41151824EF9B190099FBDF /* LaunchScreen.storyboard */ = {
			isa = PBXVariantGroup;
			children = (
				3D41151924EF9B190099FBDF /* Base */,
			);
			name = LaunchScreen.storyboard;
			sourceTree = "<group>";
		};
/* End PBXVariantGroup section */

/* Begin XCBuildConfiguration section */
		3D41151C24EF9B190099FBDF /* Debug */ = {
			isa = XCBuildConfiguration;
			buildSettings = {
				ALWAYS_SEARCH_USER_PATHS = NO;
				CLANG_ANALYZER_NONNULL = YES;
				CLANG_ANALYZER_NUMBER_OBJECT_CONVERSION = YES_AGGRESSIVE;
				CLANG_CXX_LANGUAGE_STANDARD = "gnu++14";
				CLANG_CXX_LIBRARY = "libc++";
				CLANG_ENABLE_MODULES = YES;
				CLANG_ENABLE_OBJC_ARC = YES;
				CLANG_ENABLE_OBJC_WEAK = YES;
				CLANG_WARN_BLOCK_CAPTURE_AUTORELEASING = YES;
				CLANG_WARN_BOOL_CONVERSION = YES;
				CLANG_WARN_COMMA = YES;
				CLANG_WARN_CONSTANT_CONVERSION = YES;
				CLANG_WARN_DEPRECATED_OBJC_IMPLEMENTATIONS = YES;
				CLANG_WARN_DIRECT_OBJC_ISA_USAGE = YES_ERROR;
				CLANG_WARN_DOCUMENTATION_COMMENTS = YES;
				CLANG_WARN_EMPTY_BODY = YES;
				CLANG_WARN_ENUM_CONVERSION = YES;
				CLANG_WARN_INFINITE_RECURSION = YES;
				CLANG_WARN_INT_CONVERSION = YES;
				CLANG_WARN_NON_LITERAL_NULL_CONVERSION = YES;
				CLANG_WARN_OBJC_IMPLICIT_RETAIN_SELF = YES;
				CLANG_WARN_OBJC_LITERAL_CONVERSION = YES;
				CLANG_WARN_OBJC_ROOT_CLASS = YES_ERROR;
				CLANG_WARN_RANGE_LOOP_ANALYSIS = YES;
				CLANG_WARN_STRICT_PROTOTYPES = YES;
				CLANG_WARN_SUSPICIOUS_MOVE = YES;
				CLANG_WARN_UNGUARDED_AVAILABILITY = YES_AGGRESSIVE;
				CLANG_WARN_UNREACHABLE_CODE = YES;
				CLANG_WARN__DUPLICATE_METHOD_MATCH = YES;
				COPY_PHASE_STRIP = NO;
				DEBUG_INFORMATION_FORMAT = dwarf;
				ENABLE_STRICT_OBJC_MSGSEND = YES;
				ENABLE_TESTABILITY = YES;
				GCC_C_LANGUAGE_STANDARD = gnu11;
				GCC_DYNAMIC_NO_PIC = NO;
				GCC_NO_COMMON_BLOCKS = YES;
				GCC_OPTIMIZATION_LEVEL = 0;
				GCC_PREPROCESSOR_DEFINITIONS = (
					"DEBUG=1",
					"$(inherited)",
				);
				GCC_WARN_64_TO_32_BIT_CONVERSION = YES;
				GCC_WARN_ABOUT_RETURN_TYPE = YES_ERROR;
				GCC_WARN_UNDECLARED_SELECTOR = YES;
				GCC_WARN_UNINITIALIZED_AUTOS = YES_AGGRESSIVE;
				GCC_WARN_UNUSED_FUNCTION = YES;
				GCC_WARN_UNUSED_VARIABLE = YES;
				IPHONEOS_DEPLOYMENT_TARGET = 13.6;
				MTL_ENABLE_DEBUG_INFO = INCLUDE_SOURCE;
				MTL_FAST_MATH = YES;
				ONLY_ACTIVE_ARCH = YES;
				SDKROOT = iphoneos;
				SWIFT_ACTIVE_COMPILATION_CONDITIONS = DEBUG;
				SWIFT_OPTIMIZATION_LEVEL = "-Onone";
			};
			name = Debug;
		};
		3D41151D24EF9B190099FBDF /* Release */ = {
			isa = XCBuildConfiguration;
			buildSettings = {
				ALWAYS_SEARCH_USER_PATHS = NO;
				CLANG_ANALYZER_NONNULL = YES;
				CLANG_ANALYZER_NUMBER_OBJECT_CONVERSION = YES_AGGRESSIVE;
				CLANG_CXX_LANGUAGE_STANDARD = "gnu++14";
				CLANG_CXX_LIBRARY = "libc++";
				CLANG_ENABLE_MODULES = YES;
				CLANG_ENABLE_OBJC_ARC = YES;
				CLANG_ENABLE_OBJC_WEAK = YES;
				CLANG_WARN_BLOCK_CAPTURE_AUTORELEASING = YES;
				CLANG_WARN_BOOL_CONVERSION = YES;
				CLANG_WARN_COMMA = YES;
				CLANG_WARN_CONSTANT_CONVERSION = YES;
				CLANG_WARN_DEPRECATED_OBJC_IMPLEMENTATIONS = YES;
				CLANG_WARN_DIRECT_OBJC_ISA_USAGE = YES_ERROR;
				CLANG_WARN_DOCUMENTATION_COMMENTS = YES;
				CLANG_WARN_EMPTY_BODY = YES;
				CLANG_WARN_ENUM_CONVERSION = YES;
				CLANG_WARN_INFINITE_RECURSION = YES;
				CLANG_WARN_INT_CONVERSION = YES;
				CLANG_WARN_NON_LITERAL_NULL_CONVERSION = YES;
				CLANG_WARN_OBJC_IMPLICIT_RETAIN_SELF = YES;
				CLANG_WARN_OBJC_LITERAL_CONVERSION = YES;
				CLANG_WARN_OBJC_ROOT_CLASS = YES_ERROR;
				CLANG_WARN_RANGE_LOOP_ANALYSIS = YES;
				CLANG_WARN_STRICT_PROTOTYPES = YES;
				CLANG_WARN_SUSPICIOUS_MOVE = YES;
				CLANG_WARN_UNGUARDED_AVAILABILITY = YES_AGGRESSIVE;
				CLANG_WARN_UNREACHABLE_CODE = YES;
				CLANG_WARN__DUPLICATE_METHOD_MATCH = YES;
				COPY_PHASE_STRIP = NO;
				DEBUG_INFORMATION_FORMAT = "dwarf-with-dsym";
				ENABLE_NS_ASSERTIONS = NO;
				ENABLE_STRICT_OBJC_MSGSEND = YES;
				GCC_C_LANGUAGE_STANDARD = gnu11;
				GCC_NO_COMMON_BLOCKS = YES;
				GCC_WARN_64_TO_32_BIT_CONVERSION = YES;
				GCC_WARN_ABOUT_RETURN_TYPE = YES_ERROR;
				GCC_WARN_UNDECLARED_SELECTOR = YES;
				GCC_WARN_UNINITIALIZED_AUTOS = YES_AGGRESSIVE;
				GCC_WARN_UNUSED_FUNCTION = YES;
				GCC_WARN_UNUSED_VARIABLE = YES;
				IPHONEOS_DEPLOYMENT_TARGET = 13.6;
				MTL_ENABLE_DEBUG_INFO = NO;
				MTL_FAST_MATH = YES;
				SDKROOT = iphoneos;
				SWIFT_COMPILATION_MODE = wholemodule;
				SWIFT_OPTIMIZATION_LEVEL = "-O";
				VALIDATE_PRODUCT = YES;
			};
			name = Release;
		};
		3D41151F24EF9B190099FBDF /* Debug */ = {
			isa = XCBuildConfiguration;
			buildSettings = {
				ASSETCATALOG_COMPILER_APPICON_NAME = AppIcon;
				CODE_SIGN_STYLE = Automatic;
				DEVELOPMENT_TEAM = DUQE66MABG;
				INFOPLIST_FILE = "Project 01 - iOS Note App/Info.plist";
				LD_RUNPATH_SEARCH_PATHS = (
					"$(inherited)",
					"@executable_path/Frameworks",
				);
				PRODUCT_BUNDLE_IDENTIFIER = "kr.mingzzi.Project-01---iOS-Note-App";
				PRODUCT_NAME = "$(TARGET_NAME)";
				SWIFT_VERSION = 5.0;
				TARGETED_DEVICE_FAMILY = "1,2";
			};
			name = Debug;
		};
		3D41152024EF9B190099FBDF /* Release */ = {
			isa = XCBuildConfiguration;
			buildSettings = {
				ASSETCATALOG_COMPILER_APPICON_NAME = AppIcon;
				CODE_SIGN_STYLE = Automatic;
				DEVELOPMENT_TEAM = DUQE66MABG;
				INFOPLIST_FILE = "Project 01 - iOS Note App/Info.plist";
				LD_RUNPATH_SEARCH_PATHS = (
					"$(inherited)",
					"@executable_path/Frameworks",
				);
				PRODUCT_BUNDLE_IDENTIFIER = "kr.mingzzi.Project-01---iOS-Note-App";
				PRODUCT_NAME = "$(TARGET_NAME)";
				SWIFT_VERSION = 5.0;
				TARGETED_DEVICE_FAMILY = "1,2";
			};
			name = Release;
		};
/* End XCBuildConfiguration section */

/* Begin XCConfigurationList section */
		3D41150524EF9B140099FBDF /* Build configuration list for PBXProject "Project 01 - iOS Note App" */ = {
			isa = XCConfigurationList;
			buildConfigurations = (
				3D41151C24EF9B190099FBDF /* Debug */,
				3D41151D24EF9B190099FBDF /* Release */,
			);
			defaultConfigurationIsVisible = 0;
			defaultConfigurationName = Release;
		};
		3D41151E24EF9B190099FBDF /* Build configuration list for PBXNativeTarget "Project 01 - iOS Note App" */ = {
			isa = XCConfigurationList;
			buildConfigurations = (
				3D41151F24EF9B190099FBDF /* Debug */,
				3D41152024EF9B190099FBDF /* Release */,
			);
			defaultConfigurationIsVisible = 0;
			defaultConfigurationName = Release;
		};
/* End XCConfigurationList section */
	};
	rootObject = 3D41150224EF9B140099FBDF /* Project object */;
}
